
Microsoft Visual Studio Solution File, Format Version 12.00
# Visual Studio Version 17
VisualStudioVersion = 17.8.34330.188
MinimumVisualStudioVersion = 10.0.40219.1
Project("{9A19103F-16F7-4668-BE54-9A1E7A4F7556}") = "login", "test mysql\login.csproj", "{DDFBE278-F5C7-405A-ADB7-5AD9E94BCDFA}"
EndProject
Global
	GlobalSection(SolutionConfigurationPlatforms) = preSolution
		Debug|Any CPU = Debug|Any CPU
		Release|Any CPU = Release|Any CPU
	EndGlobalSection
	GlobalSection(ProjectConfigurationPlatforms) = postSolution
		{DDFBE278-F5C7-405A-ADB7-5AD9E94BCDFA}.Debug|Any CPU.ActiveCfg = Debug|Any CPU
		{DDFBE278-F5C7-405A-ADB7-5AD9E94BCDFA}.Debug|Any CPU.Build.0 = Debug|Any CPU
		{DDFBE278-F5C7-405A-ADB7-5AD9E94BCDFA}.Release|Any CPU.ActiveCfg = Release|Any CPU
		{DDFBE278-F5C7-405A-ADB7-5AD9E94BCDFA}.Release|Any CPU.Build.0 = Release|Any CPU
	EndGlobalSection
	GlobalSection(SolutionProperties) = preSolution
		HideSolutionNode = FALSE
	EndGlobalSection
	GlobalSection(ExtensibilityGlobals) = postSolution
		SolutionGuid = {688478AF-AAC4-43CE-86A0-C06520D96AA7}
	EndGlobalSection
EndGlobal
